Microsoft Visual Studio Solution File, Format Version 11.00
# Visual Studio 2008

Project("{32A73D35-4DE9-9345-23CD-EB4BA1D304CA}") = "monsuto", "Assembly-CSharp.csproj", "{65419820-CF3A-9A20-4D74-DA3799E1FFD8}"
EndProject
Global
	GlobalSection(SolutionConfigurationPlatforms) = preSolution
		Debug|Any CPU = Debug|Any CPU
		Release|Any CPU = Release|Any CPU
	EndGlobalSection
	GlobalSection(ProjectConfigurationPlatforms) = postSolution
		{65419820-CF3A-9A20-4D74-DA3799E1FFD8}.Debug|Any CPU.ActiveCfg = Debug|Any CPU
		{65419820-CF3A-9A20-4D74-DA3799E1FFD8}.Debug|Any CPU.Build.0 = Debug|Any CPU
		{65419820-CF3A-9A20-4D74-DA3799E1FFD8}.Release|Any CPU.ActiveCfg = Release|Any CPU
		{65419820-CF3A-9A20-4D74-DA3799E1FFD8}.Release|Any CPU.Build.0 = Release|Any CPU
	EndGlobalSection
	GlobalSection(SolutionProperties) = preSolution
		HideSolutionNode = FALSE
	EndGlobalSection
	GlobalSection(MonoDevelopProperties) = preSolution
		StartupItem = Assembly-CSharp.csproj
	EndGlobalSection
EndGlobal
